
Microsoft Visual Studio Solution File, Format Version 12.00
# Visual Studio 2012
Project("{FAE04EC0-301F-11D3-BF4B-00C04F79EFBC}") = "MusicLightController", "MusicLightController\MusicLightController.csproj", "{F3372C54-1EF7-4BEE-A3D5-3E6AEBBFC628}"
EndProject
Global
	GlobalSection(SolutionConfigurationPlatforms) = preSolution
		Debug|Any CPU = Debug|Any CPU
		Release|Any CPU = Release|Any CPU
	EndGlobalSection
	GlobalSection(ProjectConfigurationPlatforms) = postSolution
		{F3372C54-1EF7-4BEE-A3D5-3E6AEBBFC628}.Debug|Any CPU.ActiveCfg = Debug|Any CPU
		{F3372C54-1EF7-4BEE-A3D5-3E6AEBBFC628}.Debug|Any CPU.Build.0 = Debug|Any CPU
		{F3372C54-1EF7-4BEE-A3D5-3E6AEBBFC628}.Release|Any CPU.ActiveCfg = Release|Any CPU
		{F3372C54-1EF7-4BEE-A3D5-3E6AEBBFC628}.Release|Any CPU.Build.0 = Release|Any CPU
	EndGlobalSection
	GlobalSection(SolutionProperties) = preSolution
		HideSolutionNode = FALSE
	EndGlobalSection
EndGlobal
